{
  "version": 4,
  "terraform_version": "1.1.7",
  "serial": 270,
  "lineage": "4e6e4118-9285-b9b3-5085-910770f11faa",
  "outputs": {},
  "resources": [
    {
      "mode": "managed",
      "type": "aws_instance",
      "name": "ubuntu-instance",
      "provider": "provider[\"registry.terraform.io/hashicorp/aws\"]",
      "instances": [
        {
          "schema_version": 1,
          "attributes": {
            "ami": "ami-0d527b8c289b4af7f",
            "arn": "arn:aws:ec2:eu-central-1:702551696126:instance/i-0692d8c5678ec882a",
            "associate_public_ip_address": true,
            "availability_zone": "eu-central-1a",
            "capacity_reservation_specification": [
              {
                "capacity_reservation_preference": "open",
                "capacity_reservation_target": []
              }
            ],
            "cpu_core_count": 2,
            "cpu_threads_per_core": 1,
            "credit_specification": [
              {
                "cpu_credits": "standard"
              }
            ],
            "disable_api_termination": false,
            "ebs_block_device": [],
            "ebs_optimized": false,
            "enclave_options": [
              {
                "enabled": false
              }
            ],
            "ephemeral_block_device": [],
            "get_password_data": false,
            "hibernation": false,
            "host_id": null,
            "iam_instance_profile": "",
            "id": "i-0692d8c5678ec882a",
            "instance_initiated_shutdown_behavior": "stop",
            "instance_state": "running",
            "instance_type": "t2.medium",
            "ipv6_address_count": 0,
            "ipv6_addresses": [],
            "key_name": "mykey",
            "launch_template": [],
            "metadata_options": [
              {
                "http_endpoint": "enabled",
                "http_put_response_hop_limit": 1,
                "http_tokens": "optional",
                "instance_metadata_tags": "disabled"
              }
            ],
            "monitoring": false,
            "network_interface": [],
            "outpost_arn": "",
            "password_data": "",
            "placement_group": "",
            "placement_partition_number": null,
            "primary_network_interface_id": "eni-02988b591fa5740ce",
            "private_dns": "ip-172-31-17-84.eu-central-1.compute.internal",
            "private_ip": "172.31.17.84",
            "public_dns": "ec2-3-126-248-227.eu-central-1.compute.amazonaws.com",
            "public_ip": "3.126.248.227",
            "root_block_device": [
              {
                "delete_on_termination": true,
                "device_name": "/dev/sda1",
                "encrypted": false,
                "iops": 100,
                "kms_key_id": "",
                "tags": null,
                "throughput": 0,
                "volume_id": "vol-02941eeaafe55ecf6",
                "volume_size": 30,
                "volume_type": "gp2"
              }
            ],
            "secondary_private_ips": [],
            "security_groups": [
              "terraform-20220312111930740100000001"
            ],
            "source_dest_check": true,
            "subnet_id": "subnet-e383ce89",
            "tags": {
              "Name": "Ubuntu-EC2"
            },
            "tags_all": {
              "Name": "Ubuntu-EC2"
            },
            "tenancy": "default",
            "timeouts": null,
            "user_data": null,
            "user_data_base64": null,
            "volume_tags": null,
            "vpc_security_group_ids": [
              "sg-06ac202bbef096bd9"
            ]
          },
          "sensitive_attributes": [],
          "private": "eyJlMmJmYjczMC1lY2FhLTExZTYtOGY4OC0zNDM2M2JjN2M0YzAiOnsiY3JlYXRlIjo2MDAwMDAwMDAwMDAsImRlbGV0ZSI6MTIwMDAwMDAwMDAwMCwidXBkYXRlIjo2MDAwMDAwMDAwMDB9LCJzY2hlbWFfdmVyc2lvbiI6IjEifQ==",
          "dependencies": [
            "aws_security_group.UbuntuSG"
          ]
        }
      ]
    },
    {
      "mode": "managed",
      "type": "aws_key_pair",
      "name": "UbuntuKP",
      "provider": "provider[\"registry.terraform.io/hashicorp/aws\"]",
      "instances": [
        {
          "schema_version": 1,
          "attributes": {
            "arn": "arn:aws:ec2:eu-central-1:702551696126:key-pair/mykey",
            "fingerprint": "85:d9:fe:d0:f5:d0:0c:cf:0f:6c:5e:ad:df:aa:fb:aa",
            "id": "mykey",
            "key_name": "mykey",
            "key_name_prefix": "",
            "key_pair_id": "key-0d7e32e703feedf7d",
            "public_key": "ssh-rsa AAAAB3NzaC1yc2EAAAADAQABAAABgQClcdmayHqLHz5+O+elYeN/BYrwpRjup3f7tPdEP+u2C9YeQ7d61RYNQHJpo+cQfcFKhVQRftqnO65E0hywLGq0qzrEpcsldN+AfqRnd3BXX01O7nQcvDul9FNUd/bGy77IM0fholLt7Rs9njQKW+HOhw9mJkLg8r34nNb/EPZaMsiU53MyuvwfnPzeKyfy551vAfTqXDLCOj9nPxUkGuVUh198hQ867zb/N2CNRKyo8NFWM96s59v0QgBc4jou4UASsXDtqCJHlw9UcLfpT43FJUZTqvpnmo1Jj/CKn/4rRDayKKjjP0iEHzMuXSeeLKe4nXRcH0IBYo0CT43MQ7MNtNMO1o24GnafdrrQkT/idZ/+IUlkyXf+d/0JFNOkHfnQPsBZuH84Bi+TSmzCTn1uUVMFWnOz7PhTdS79S0/ozbekbdyd6F4grsrbsyBsxllBKb8ltJ4CnAi+MVy7CyiR5sN7hmCuBhwKWqz8GOd/qsbuSLgs+EeNDwOXh6Y9GE0= triple-a@triple-a",
            "tags": null,
            "tags_all": {}
          },
          "sensitive_attributes": [],
          "private": "eyJzY2hlbWFfdmVyc2lvbiI6IjEifQ==",
          "dependencies": [
            "tls_private_key.pk"
          ]
        }
      ]
    },
    {
      "mode": "managed",
      "type": "aws_security_group",
      "name": "UbuntuSG",
      "provider": "provider[\"registry.terraform.io/hashicorp/aws\"]",
      "instances": [
        {
          "schema_version": 1,
          "attributes": {
            "arn": "arn:aws:ec2:eu-central-1:702551696126:security-group/sg-06ac202bbef096bd9",
            "description": "Managed by Terraform",
            "egress": [
              {
                "cidr_blocks": [
                  "0.0.0.0/0"
                ],
                "description": "",
                "from_port": 0,
                "ipv6_cidr_blocks": [],
                "prefix_list_ids": [],
                "protocol": "-1",
                "security_groups": [],
                "self": false,
                "to_port": 0
              }
            ],
            "id": "sg-06ac202bbef096bd9",
            "ingress": [
              {
                "cidr_blocks": [
                  "0.0.0.0/0"
                ],
                "description": "",
                "from_port": 22,
                "ipv6_cidr_blocks": [],
                "prefix_list_ids": [],
                "protocol": "tcp",
                "security_groups": [],
                "self": false,
                "to_port": 22
              },
              {
                "cidr_blocks": [
                  "0.0.0.0/0"
                ],
                "description": "",
                "from_port": 3306,
                "ipv6_cidr_blocks": [],
                "prefix_list_ids": [],
                "protocol": "tcp",
                "security_groups": [],
                "self": false,
                "to_port": 3306
              },
              {
                "cidr_blocks": [
                  "0.0.0.0/0"
                ],
                "description": "",
                "from_port": 4000,
                "ipv6_cidr_blocks": [],
                "prefix_list_ids": [],
                "protocol": "tcp",
                "security_groups": [],
                "self": false,
                "to_port": 4000
              },
              {
                "cidr_blocks": [
                  "0.0.0.0/0"
                ],
                "description": "",
                "from_port": 5000,
                "ipv6_cidr_blocks": [],
                "prefix_list_ids": [],
                "protocol": "tcp",
                "security_groups": [],
                "self": false,
                "to_port": 5000
              },
              {
                "cidr_blocks": [
                  "0.0.0.0/0"
                ],
                "description": "",
                "from_port": 8080,
                "ipv6_cidr_blocks": [],
                "prefix_list_ids": [],
                "protocol": "tcp",
                "security_groups": [],
                "self": false,
                "to_port": 8080
              }
            ],
            "name": "terraform-20220312111930740100000001",
            "name_prefix": "terraform-",
            "owner_id": "702551696126",
            "revoke_rules_on_delete": false,
            "tags": null,
            "tags_all": {},
            "timeouts": null,
            "vpc_id": "vpc-3724415d"
          },
          "sensitive_attributes": [],
          "private": "eyJlMmJmYjczMC1lY2FhLTExZTYtOGY4OC0zNDM2M2JjN2M0YzAiOnsiY3JlYXRlIjo2MDAwMDAwMDAwMDAsImRlbGV0ZSI6OTAwMDAwMDAwMDAwfSwic2NoZW1hX3ZlcnNpb24iOiIxIn0="
        }
      ]
    },
    {
      "mode": "managed",
      "type": "tls_private_key",
      "name": "pk",
      "provider": "provider[\"registry.terraform.io/hashicorp/tls\"]",
      "instances": [
        {
          "schema_version": 0,
          "attributes": {
            "algorithm": "RSA",
            "ecdsa_curve": "P224",
            "id": "c31dff9a6c2a76af646b956d04be734a206bf5b7",
            "private_key_pem": "-----BEGIN RSA PRIVATE KEY-----\nMIIJJwIBAAKCAgEA2zNdBT1/LSeetcbkfgEYDm2T4snX2viPl+9tP4StpmDTGsam\ngOvFPmgZNh4wNNmw737TEcn+THnOlSQhA56Z0LsBt0Zc6zK0UtNA2b06Qv0umSVC\n9rPmcyiiv1LCBhumoIOPMZYERxURaNs3dCkXabMRJCii/h0OiLTEDGpDRGwrHm85\nBh9UdxwUNEa9lvQ59Mn1rq6i1MbQMVPKRq8nJ8iHeqpBDiQIPpdTg18gOlutIwd8\nFP0t7nj9tkhyXai1po81CMXg9K7IZTslUuqRdHjbcRglyO7MSC0khi/oMIaY+Pyh\nVbLU0uowG+2tXW2OMmA19BLb5waN8aX7FVERgtuBz3+rK3FHd+pMdckXS57zXiBT\neEXY8aJpkWetI5CJBghbS8KWWeiAiIWZitItTipIJdAY+zNdav9Hok+1rTDW8Tj3\nLWqtb8YLdhntfKI5hjM42CdJDJe+gVlkRZiHkax3sHzwylEaNxDoMOMRcIo98zGI\nLh55wnc3ISdLT1hBtDTmp1MR4P/eapPPNL+9fH1iShEPDWYwNeeCtg9ACqYEsHlB\nP4AmfyFJowr/0WYObOwZXFHCojBL7F8la2Y8dKMAokZVCk6OevgOV1DOi9HXifza\nlK5x84z3UotKrncgvbz8rTt6yrEZtXvFCHD3nc/1OF5ckQafgMTeBRRxPYECAwEA\nAQKCAgBy0Pywef3bkR046e1Vcw0+wXbtG/zM3dWZJ/h5hO3QcHcjV1pvvQ+cGLrb\n9gQaKszbJfs5Hiztsf/bbwk79B9tjgbgESMqr2x01eLqKowR+rwly7a/sovLVkWp\nIZgvytwEx+SBfKrQ8OAlpG3vknaJDxqzbfWyVVX/lW/7cM27UU1kq62a315G5ZZP\nq54zK8oPxpnB3ge8nEcBD3qse6Ju3ELapcNdvNH0tx8veOxQpSSTbKA5/kPI3edH\nS7tcA7rie7Cz37Jtd//PxqNOQz/dWlDXdGaWUT7/r2WqQ/3DLT2DbhCz6vA/ahu5\nBU4B2hjZmjuolRhKcsx2/xH9oHEiudO8EXcE7bW5E0a+BU+zXVvbf7H1Hk05xana\neEGYbZHf6ob12eP9HTB4B5qSUcnQhABmAFUMG5Ct7f44CZhT52Xcv9/pgVfvczR8\njBidaSf8/HOpvFgqC3QtbzVXGlzzCPic/caQHe0Z+KRPIDlpHcxLVhiiId7JaD1t\nVAZwBv/Ivom2FFTnG3HTK+2ij8BNWf9Che8ZaptIzPhHV2qIKVMTpHsqEqi3Lhvi\n7/O6kbfboLWsXfSEOx5d2GasvbgvG1bHj1eU70TYNMe7zORjLl9mJQq+Hr3yWpW9\nsG9BWWJh6MB6Edrv1v1RClnzuWR3YOK6P5W2KWW80u/jwblL4QKCAQEA6LlvYo8U\n3S4MmxXzFen0lL2dH6G2YTGUyr8PojSi585+5rPPk2hXxkY2+vPanfxz56rkTjjz\nJElPqS48sOYWYwRaXDLWrOtFlTjKvWAtloIq2a6bhkhnk2aK/vUceAO6KbWvKDJi\nNNICzDn9HCPOU98QOJh+O31H76TDgoRBSlvDBEuhhYIO4mCJh3XNaDP+cUbC1Emo\ny1sZY2i5FearBMV17dleT85MRK09pK02wYeNYdrlcx8sT0flaIUbi8iwQb8UKvHT\nZ3Llx4pEjufCTWzHDRoyE6CsoGCObZt12IsOw83C0RsNeJoiv0xxmXjrmR7JsW8f\nGallHPwYIObJ2wKCAQEA8R+sYTfXiuRUwCZz0Hyus7WJ6QdGCaAVaH4twTRdtGee\nmsWcRl+nFYnOWWiVFfjf4m+Z6unIVnSgB45YQgmJj8NnoPP/Jr+2fK5HXhCMirEL\n+Bxbac2Wfh9WrbLT0NbJzfYpu5IYXx8otgv9NtiQUgMuXVBk0OcJTXjKNq1e+Nb4\nLrzf/kgVhzOsNNopIuVUkQ4C7tfkcWS/JYhi4AoWwa2ApedS215FL6Jp9wHs33Pc\njYP9YBf1rEHT2Bs7egFdBd+DNAiPNTBobr3R0Cimp8ap2KgUf8LkEGJSt2QJXTq8\nyoL0ilB0H4Wog7ZZ9sFUkXHxIlaVEmYLAXTRURv60wKCAQB/EC/WehSEJo5PZo6Q\nWmplg5l0GdEABBgfEm4wu9huA/qZb3dYHlI+OTvvjJDCTYHi7RU1+DYYi8ZosowE\ncburWEcVq9Q2GUamkJlxCEAbuvo2W/UiPgn/Gq+tQJrIlBBikYYOxmOEP12zr72Y\nTZxrgpDStb/GL0LFfwoYCqmzNaKmh7yqrjX+N4MfaJw71peHtYDOc2ErlpOoCRd0\n87pQIpeew12Q6SwPGx9a+A+7Xo087kz0rAJ/TtvcU0CU83/4haE3SU2JX9xBNCb2\nd2dI6qlLaBALU2CtN8rL4WNYVaQ8F+3USZbzUATEubIUf0bzFTI+JFOwqSJBzwpF\nfHydAoIBAHEZPi3Ll5paRzZp0uDz2q4IdMuM0dkp8WC17pg1C87W25oVHpwTubds\nkBF38JYBymHXnwaE6adDxNxGdDdladS4/x6L1B5Exj/tLyR79rAHI2oZQvd5qyE1\nad7HhnrqhHXLBQAqIqxbXSkmrnrPUcJmI5U5ZFBoTgC8q3zCDU4C5x5lEVugTBjC\nr/+KZMktcGEphU6qjUhyzQW510bm9I2b6D/pJQAoU6NoNvPZP1YAbm8iffJYyq8l\noUw4Wcl8YjmjAVOiwCler11iQ8uzhZgkov4wuIzEyVy2Ab5recj1CCClFDbcTduL\nQeOl4MTRIe2m2EgW/I1It9jTBmtZCGkCggEAc5HRlTvyBOtepyS1K6jDIERodFLK\njjdKMIuDaO2S6rB/KBreu0wFjfvwoQSSbAOcT1T89xhvNB8taE9mX46jkz89ZIfz\nX+DwbAyvhsZ/+bHg0rHR/3cO5Ku4AM8LE6iNllQ3Bp11hviPrdIxHKjFy1oDP8//\nFoPac0Ol8R+BjMHTfMiAWnmj2U1bVoqG1WUXEAdnGoQLP/apTFoPMf4bbVt0b2Cb\nG6pb1C8Y2fNceCgQNOfMhxDtw1Cu2km7SyfmCJ4H4ZfV76LBx8QZ7PMBagv0sOGT\n52JGHcqHUmejbbyFcTQqCXj+k7oe66HAEaWUBWe0UCzYNfnZkVf7LHIhjA==\n-----END RSA PRIVATE KEY-----\n",
            "public_key_fingerprint_md5": "f4:9c:7d:01:7b:a8:ad:9e:37:05:44:90:b3:fe:eb:87",
            "public_key_openssh": "ssh-rsa AAAAB3NzaC1yc2EAAAADAQABAAACAQDbM10FPX8tJ561xuR+ARgObZPiydfa+I+X720/hK2mYNMaxqaA68U+aBk2HjA02bDvftMRyf5Mec6VJCEDnpnQuwG3RlzrMrRS00DZvTpC/S6ZJUL2s+ZzKKK/UsIGG6agg48xlgRHFRFo2zd0KRdpsxEkKKL+HQ6ItMQMakNEbCsebzkGH1R3HBQ0Rr2W9Dn0yfWurqLUxtAxU8pGrycnyId6qkEOJAg+l1ODXyA6W60jB3wU/S3ueP22SHJdqLWmjzUIxeD0rshlOyVS6pF0eNtxGCXI7sxILSSGL+gwhpj4/KFVstTS6jAb7a1dbY4yYDX0EtvnBo3xpfsVURGC24HPf6srcUd36kx1yRdLnvNeIFN4RdjxommRZ60jkIkGCFtLwpZZ6ICIhZmK0i1OKkgl0Bj7M11q/0eiT7WtMNbxOPctaq1vxgt2Ge18ojmGMzjYJ0kMl76BWWRFmIeRrHewfPDKURo3EOgw4xFwij3zMYguHnnCdzchJ0tPWEG0NOanUxHg/95qk880v718fWJKEQ8NZjA154K2D0AKpgSweUE/gCZ/IUmjCv/RZg5s7BlcUcKiMEvsXyVrZjx0owCiRlUKTo56+A5XUM6L0deJ/NqUrnHzjPdSi0qudyC9vPytO3rKsRm1e8UIcPedz/U4XlyRBp+AxN4FFHE9gQ==\n",
            "public_key_pem": "-----BEGIN PUBLIC KEY-----\nMIICIjANBgkqhkiG9w0BAQEFAAOCAg8AMIICCgKCAgEA2zNdBT1/LSeetcbkfgEY\nDm2T4snX2viPl+9tP4StpmDTGsamgOvFPmgZNh4wNNmw737TEcn+THnOlSQhA56Z\n0LsBt0Zc6zK0UtNA2b06Qv0umSVC9rPmcyiiv1LCBhumoIOPMZYERxURaNs3dCkX\nabMRJCii/h0OiLTEDGpDRGwrHm85Bh9UdxwUNEa9lvQ59Mn1rq6i1MbQMVPKRq8n\nJ8iHeqpBDiQIPpdTg18gOlutIwd8FP0t7nj9tkhyXai1po81CMXg9K7IZTslUuqR\ndHjbcRglyO7MSC0khi/oMIaY+PyhVbLU0uowG+2tXW2OMmA19BLb5waN8aX7FVER\ngtuBz3+rK3FHd+pMdckXS57zXiBTeEXY8aJpkWetI5CJBghbS8KWWeiAiIWZitIt\nTipIJdAY+zNdav9Hok+1rTDW8Tj3LWqtb8YLdhntfKI5hjM42CdJDJe+gVlkRZiH\nkax3sHzwylEaNxDoMOMRcIo98zGILh55wnc3ISdLT1hBtDTmp1MR4P/eapPPNL+9\nfH1iShEPDWYwNeeCtg9ACqYEsHlBP4AmfyFJowr/0WYObOwZXFHCojBL7F8la2Y8\ndKMAokZVCk6OevgOV1DOi9HXifzalK5x84z3UotKrncgvbz8rTt6yrEZtXvFCHD3\nnc/1OF5ckQafgMTeBRRxPYECAwEAAQ==\n-----END PUBLIC KEY-----\n",
            "rsa_bits": 4096
          },
          "sensitive_attributes": [],
          "private": "bnVsbA=="
        }
      ]
    }
  ]
}
